
Microsoft Visual Studio Solution File, Format Version 12.00
# Visual Studio Version 17
VisualStudioVersion = 17.1.32319.34
MinimumVisualStudioVersion = 10.0.40219.1
Project("{FAE04EC0-301F-11D3-BF4B-00C04F79EFBC}") = "E_OKUL", "E_OKUL\E_OKUL.csproj", "{FFC9C730-5B56-4977-A0C3-1A8D750F2ADF}"
EndProject
Global
	GlobalSection(SolutionConfigurationPlatforms) = preSolution
		Debug|Any CPU = Debug|Any CPU
		Release|Any CPU = Release|Any CPU
	EndGlobalSection
	GlobalSection(ProjectConfigurationPlatforms) = postSolution
		{FFC9C730-5B56-4977-A0C3-1A8D750F2ADF}.Debug|Any CPU.ActiveCfg = Debug|Any CPU
		{FFC9C730-5B56-4977-A0C3-1A8D750F2ADF}.Debug|Any CPU.Build.0 = Debug|Any CPU
		{FFC9C730-5B56-4977-A0C3-1A8D750F2ADF}.Release|Any CPU.ActiveCfg = Release|Any CPU
		{FFC9C730-5B56-4977-A0C3-1A8D750F2ADF}.Release|Any CPU.Build.0 = Release|Any CPU
	EndGlobalSection
	GlobalSection(SolutionProperties) = preSolution
		HideSolutionNode = FALSE
	EndGlobalSection
	GlobalSection(ExtensibilityGlobals) = postSolution
		SolutionGuid = {0FEA7FC7-7283-4200-9E92-5B0967275159}
	EndGlobalSection
EndGlobal
